{
	"name": "redux-subspace-saga",
	"version": "3.1.0",
	"lockfileVersion": 1,
	"requires": true,
	"dependencies": {
		"redux": {
			"version": "4.0.4",
			"resolved": "https://registry.npmjs.org/redux/-/redux-4.0.4.tgz",
			"integrity": "sha512-vKv4WdiJxOWKxK0yRoaK3Y4pxxB0ilzVx6dszU2W8wLxlb2yikRph4iV/ymtdJ6ZxpBLFbyrxklnT5yBbQSl3Q==",
			"dev": true,
			"requires": {
				"loose-envify": "1.4.0",
				"symbol-observable": "1.2.0"
			},
			"dependencies": {
				"js-tokens": {
					"version": "4.0.0",
					"resolved": "https://registry.npmjs.org/js-tokens/-/js-tokens-4.0.0.tgz",
					"integrity": "sha512-RdJUflcE3cUzKiMqQgsCu06FPu9UdIJO0beYbPhHN4k6apgJtifcoCtT9bcxOpYBtpD2kCM6Sbzg4CausW/PKQ==",
					"dev": true
				},
				"loose-envify": {
					"version": "1.4.0",
					"resolved": "https://registry.npmjs.org/loose-envify/-/loose-envify-1.4.0.tgz",
					"integrity": "sha512-lyuxPGr/Wfhrlem2CL/UcnUc1zcqKAImBDzukY7Y5F/yQiNdko6+fRLevlw1HgMySw7f611UIY408EtxRSoK3Q==",
					"dev": true,
					"requires": {
						"js-tokens": "4.0.0"
					}
				},
				"symbol-observable": {
					"version": "1.2.0",
					"resolved": "https://registry.npmjs.org/symbol-observable/-/symbol-observable-1.2.0.tgz",
					"integrity": "sha512-e900nM8RRtGhlV36KGEU9k65K3mPb1WV70OdjfxlG2EAuM1noi/E/BaW/uMhL7bPEssK8QV57vN3esixjUvcXQ==",
					"dev": true
				}
			}
		},
		"redux-saga": {
			"version": "1.0.5",
			"resolved": "https://registry.npmjs.org/redux-saga/-/redux-saga-1.0.5.tgz",
			"integrity": "sha512-ytGFtaHyz6NQMQp7/LpQ/6CtOkbPRCcAeljUpc4c95hRm5U6dFvrRiZHeBPuQZ56L3oXfTX3hiYh8/3ZudsiNg==",
			"dev": true,
			"requires": {
				"@redux-saga/core": "1.0.3"
			},
			"dependencies": {
				"@babel/runtime": {
					"version": "7.5.5",
					"resolved": "https://registry.npmjs.org/@babel/runtime/-/runtime-7.5.5.tgz",
					"integrity": "sha512-28QvEGyQyNkB0/m2B4FU7IEZGK2NUrcMtT6BZEFALTguLk+AUT6ofsHtPk5QyjAdUkpMJ+/Em+quwz4HOt30AQ==",
					"dev": true,
					"requires": {
						"regenerator-runtime": "0.13.3"
					}
				},
				"@redux-saga/core": {
					"version": "1.0.3",
					"resolved": "https://registry.npmjs.org/@redux-saga/core/-/core-1.0.3.tgz",
					"integrity": "sha512-zf8h5N0oTzaNeSMxOWH9GJMB9IRSM8JubDsrZVsvVltXjzFFSR8DNt7tbPoRJUK0hFfQB1it+bL+dEMWpD7wXA==",
					"dev": true,
					"requires": {
						"@babel/runtime": "7.5.5",
						"@redux-saga/deferred": "1.0.1",
						"@redux-saga/delay-p": "1.0.1",
						"@redux-saga/is": "1.0.2",
						"@redux-saga/symbols": "1.0.1",
						"@redux-saga/types": "1.0.2",
						"redux": "4.0.4",
						"typescript-tuple": "2.2.1"
					}
				},
				"@redux-saga/deferred": {
					"version": "1.0.1",
					"resolved": "https://registry.npmjs.org/@redux-saga/deferred/-/deferred-1.0.1.tgz",
					"integrity": "sha512-+gW5xQ93QXOOmRLAmX8x2Hx1HpbTG6CM6+HcdTSbJovh4uMWaGyeDECnqXSt8QqA/ja3s2nqYXLqXFKepIQ1hw==",
					"dev": true
				},
				"@redux-saga/delay-p": {
					"version": "1.0.1",
					"resolved": "https://registry.npmjs.org/@redux-saga/delay-p/-/delay-p-1.0.1.tgz",
					"integrity": "sha512-0SnNDyDLUyB4NThtptAwiprNOnbCNhoed/Rp5JwS7SB+a/AdWynVgg/E6BmjsggLFNr07KW0bzn05tsPRBuU7Q==",
					"dev": true,
					"requires": {
						"@redux-saga/symbols": "1.0.1"
					}
				},
				"@redux-saga/is": {
					"version": "1.0.2",
					"resolved": "https://registry.npmjs.org/@redux-saga/is/-/is-1.0.2.tgz",
					"integrity": "sha512-WnaUOwYvPK2waWjzebT4uhL8zY76XNkzzpJ2EQJe8bN1tByvAjvT7MuJZTSshOhdHL5PsRO0MsH224XIXBJidQ==",
					"dev": true,
					"requires": {
						"@redux-saga/symbols": "1.0.1",
						"@redux-saga/types": "1.0.2"
					}
				},
				"@redux-saga/symbols": {
					"version": "1.0.1",
					"resolved": "https://registry.npmjs.org/@redux-saga/symbols/-/symbols-1.0.1.tgz",
					"integrity": "sha512-akKkzcVnb1RzJaZV2LQFbi51abvdICMuAKwwLoCjjxLbLAGIw9EJxk5ucNnWSSCEsoEQMeol5tkAcK+Xzuv1Bg==",
					"dev": true
				},
				"@redux-saga/types": {
					"version": "1.0.2",
					"resolved": "https://registry.npmjs.org/@redux-saga/types/-/types-1.0.2.tgz",
					"integrity": "sha512-8/qcMh15507AnXJ3lBeuhsdFwnWQqnp68EpUuHlYPixJ5vjVmls7/Jq48cnUlrZI8Jd9U1jkhfCl0gaT5KMgVw==",
					"dev": true
				},
				"regenerator-runtime": {
					"version": "0.13.3",
					"resolved": "https://registry.npmjs.org/regenerator-runtime/-/regenerator-runtime-0.13.3.tgz",
					"integrity": "sha512-naKIZz2GQ8JWh///G7L3X6LaQUAMp2lvb1rvwwsURe/VXwD6VMfr+/1NuNw3ag8v2kY1aQ/go5SNn79O9JU7yw==",
					"dev": true
				},
				"typescript-compare": {
					"version": "0.0.2",
					"resolved": "https://registry.npmjs.org/typescript-compare/-/typescript-compare-0.0.2.tgz",
					"integrity": "sha512-8ja4j7pMHkfLJQO2/8tut7ub+J3Lw2S3061eJLFQcvs3tsmJKp8KG5NtpLn7KcY2w08edF74BSVN7qJS0U6oHA==",
					"dev": true,
					"requires": {
						"typescript-logic": "0.0.0"
					}
				},
				"typescript-logic": {
					"version": "0.0.0",
					"resolved": "https://registry.npmjs.org/typescript-logic/-/typescript-logic-0.0.0.tgz",
					"integrity": "sha512-zXFars5LUkI3zP492ls0VskH3TtdeHCqu0i7/duGt60i5IGPIpAHE/DWo5FqJ6EjQ15YKXrt+AETjv60Dat34Q==",
					"dev": true
				},
				"typescript-tuple": {
					"version": "2.2.1",
					"resolved": "https://registry.npmjs.org/typescript-tuple/-/typescript-tuple-2.2.1.tgz",
					"integrity": "sha512-Zcr0lbt8z5ZdEzERHAMAniTiIKerFCMgd7yjq1fPnDJ43et/k9twIFQMUYff9k5oXcsQ0WpvFcgzK2ZKASoW6Q==",
					"dev": true,
					"requires": {
						"typescript-compare": "0.0.2"
					}
				}
			}
		}
	}
}
